// !$*UTF8*$!
{
	archiveVersion = 1;
	classes = {
	};
	objectVersion = 46;
	objects = {

/* Begin PBXBuildFile section */
		36A8C680194440240052F6D1 /* MultiSelectedPanelConfirmBtnbKG@2x.png in Resources */ = {isa = PBXBuildFile; fileRef = 36A8C67F194440240052F6D1 /* MultiSelectedPanelConfirmBtnbKG@2x.png */; };
		36A8C6B0194473180052F6D1 /* AFHTTPRequestOperation.m in Sources */ = {isa = PBXBuildFile; fileRef = 36A8C689194473180052F6D1 /* AFHTTPRequestOperation.m */; };
		36A8C6B1194473180052F6D1 /* AFHTTPRequestOperationManager.m in Sources */ = {isa = PBXBuildFile; fileRef = 36A8C68B194473180052F6D1 /* AFHTTPRequestOperationManager.m */; };
		36A8C6B2194473180052F6D1 /* AFURLConnectionOperation.m in Sources */ = {isa = PBXBuildFile; fileRef = 36A8C68D194473180052F6D1 /* AFURLConnectionOperation.m */; };
		36A8C6B3194473180052F6D1 /* AFHTTPSessionManager.m in Sources */ = {isa = PBXBuildFile; fileRef = 36A8C690194473180052F6D1 /* AFHTTPSessionManager.m */; };
		36A8C6B4194473180052F6D1 /* AFURLSessionManager.m in Sources */ = {isa = PBXBuildFile; fileRef = 36A8C692194473180052F6D1 /* AFURLSessionManager.m */; };
		36A8C6B5194473180052F6D1 /* AFNetworkReachabilityManager.m in Sources */ = {isa = PBXBuildFile; fileRef = 36A8C695194473180052F6D1 /* AFNetworkReachabilityManager.m */; };
		36A8C6B6194473180052F6D1 /* AFSecurityPolicy.m in Sources */ = {isa = PBXBuildFile; fileRef = 36A8C698194473180052F6D1 /* AFSecurityPolicy.m */; };
		36A8C6B7194473180052F6D1 /* AFURLRequestSerialization.m in Sources */ = {isa = PBXBuildFile; fileRef = 36A8C69B194473180052F6D1 /* AFURLRequestSerialization.m */; };
		36A8C6B8194473180052F6D1 /* AFURLResponseSerialization.m in Sources */ = {isa = PBXBuildFile; fileRef = 36A8C69D194473180052F6D1 /* AFURLResponseSerialization.m */; };
		36A8C6B9194473180052F6D1 /* AFNetworkActivityIndicatorManager.m in Sources */ = {isa = PBXBuildFile; fileRef = 36A8C6A0194473180052F6D1 /* AFNetworkActivityIndicatorManager.m */; };
		36A8C6BA194473180052F6D1 /* UIActivityIndicatorView+AFNetworking.m in Sources */ = {isa = PBXBuildFile; fileRef = 36A8C6A2194473180052F6D1 /* UIActivityIndicatorView+AFNetworking.m */; };
		36A8C6BB194473180052F6D1 /* UIAlertView+AFNetworking.m in Sources */ = {isa = PBXBuildFile; fileRef = 36A8C6A4194473180052F6D1 /* UIAlertView+AFNetworking.m */; };
		36A8C6BC194473180052F6D1 /* UIButton+AFNetworking.m in Sources */ = {isa = PBXBuildFile; fileRef = 36A8C6A6194473180052F6D1 /* UIButton+AFNetworking.m */; };
		36A8C6BD194473180052F6D1 /* UIImageView+AFNetworking.m in Sources */ = {isa = PBXBuildFile; fileRef = 36A8C6A8194473180052F6D1 /* UIImageView+AFNetworking.m */; };
		36A8C6BE194473180052F6D1 /* UIProgressView+AFNetworking.m in Sources */ = {isa = PBXBuildFile; fileRef = 36A8C6AB194473180052F6D1 /* UIProgressView+AFNetworking.m */; };
		36A8C6BF194473180052F6D1 /* UIRefreshControl+AFNetworking.m in Sources */ = {isa = PBXBuildFile; fileRef = 36A8C6AD194473180052F6D1 /* UIRefreshControl+AFNetworking.m */; };
		36A8C6C0194473180052F6D1 /* UIWebView+AFNetworking.m in Sources */ = {isa = PBXBuildFile; fileRef = 36A8C6AF194473180052F6D1 /* UIWebView+AFNetworking.m */; };
		36C417D819435ED400B53B59 /* Foundation.framework in Frameworks */ = {isa = PBXBuildFile; fileRef = 36C417D719435ED400B53B59 /* Foundation.framework */; };
		36C417DA19435ED400B53B59 /* CoreGraphics.framework in Frameworks */ = {isa = PBXBuildFile; fileRef = 36C417D919435ED400B53B59 /* CoreGraphics.framework */; };
		36C417DC19435ED400B53B59 /* UIKit.framework in Frameworks */ = {isa = PBXBuildFile; fileRef = 36C417DB19435ED400B53B59 /* UIKit.framework */; };
		36C417E219435ED400B53B59 /* InfoPlist.strings in Resources */ = {isa = PBXBuildFile; fileRef = 36C417E019435ED400B53B59 /* InfoPlist.strings */; };
		36C417E419435ED400B53B59 /* main.m in Sources */ = {isa = PBXBuildFile; fileRef = 36C417E319435ED400B53B59 /* main.m */; };
		36C417E819435ED400B53B59 /* AppDelegate.m in Sources */ = {isa = PBXBuildFile; fileRef = 36C417E719435ED400B53B59 /* AppDelegate.m */; };
		36C417EB19435ED400B53B59 /* Main.storyboard in Resources */ = {isa = PBXBuildFile; fileRef = 36C417E919435ED400B53B59 /* Main.storyboard */; };
		36C417EE19435ED400B53B59 /* ViewController.m in Sources */ = {isa = PBXBuildFile; fileRef = 36C417ED19435ED400B53B59 /* ViewController.m */; };
		36C417F019435ED400B53B59 /* Images.xcassets in Resources */ = {isa = PBXBuildFile; fileRef = 36C417EF19435ED400B53B59 /* Images.xcassets */; };
		36C417F719435ED400B53B59 /* XCTest.framework in Frameworks */ = {isa = PBXBuildFile; fileRef = 36C417F619435ED400B53B59 /* XCTest.framework */; };
		36C417F819435ED400B53B59 /* Foundation.framework in Frameworks */ = {isa = PBXBuildFile; fileRef = 36C417D719435ED400B53B59 /* Foundation.framework */; };
		36C417F919435ED400B53B59 /* UIKit.framework in Frameworks */ = {isa = PBXBuildFile; fileRef = 36C417DB19435ED400B53B59 /* UIKit.framework */; };
		36C4180119435ED400B53B59 /* InfoPlist.strings in Resources */ = {isa = PBXBuildFile; fileRef = 36C417FF19435ED400B53B59 /* InfoPlist.strings */; };
		36C4180319435ED400B53B59 /* MultiSelectTableViewControllerTests.m in Sources */ = {isa = PBXBuildFile; fileRef = 36C4180219435ED400B53B59 /* MultiSelectTableViewControllerTests.m */; };
		36C4180E19435EFE00B53B59 /* MultiSelectViewController.m in Sources */ = {isa = PBXBuildFile; fileRef = 36C4180D19435EFE00B53B59 /* MultiSelectViewController.m */; };
		36C4181119436CD500B53B59 /* MultiSelectItem.m in Sources */ = {isa = PBXBuildFile; fileRef = 36C4181019436CD500B53B59 /* MultiSelectItem.m */; };
		36C4181319436DAB00B53B59 /* avatar.jpg in Resources */ = {isa = PBXBuildFile; fileRef = 36C4181219436DAB00B53B59 /* avatar.jpg */; };
		36C4181719436F9B00B53B59 /* MultiSelectTableViewCell.m in Sources */ = {isa = PBXBuildFile; fileRef = 36C4181519436F9B00B53B59 /* MultiSelectTableViewCell.m */; };
		36C4181819436F9B00B53B59 /* MultiSelectTableViewCell.xib in Resources */ = {isa = PBXBuildFile; fileRef = 36C4181619436F9B00B53B59 /* MultiSelectTableViewCell.xib */; };
		36C4181D194371AC00B53B59 /* MLLetterIndexNavigationItem.m in Sources */ = {isa = PBXBuildFile; fileRef = 36C4181A194371AC00B53B59 /* MLLetterIndexNavigationItem.m */; };
		36C4181E194371AC00B53B59 /* MLLetterIndexNavigationView.m in Sources */ = {isa = PBXBuildFile; fileRef = 36C4181C194371AC00B53B59 /* MLLetterIndexNavigationView.m */; };
		36C4182919442F5800B53B59 /* AddGroupMemberBtn@2x.png in Resources */ = {isa = PBXBuildFile; fileRef = 36C4181F19442F5800B53B59 /* AddGroupMemberBtn@2x.png */; };
		36C4182A19442F5800B53B59 /* AddGroupMemberBtnHL@2x.png in Resources */ = {isa = PBXBuildFile; fileRef = 36C4182019442F5800B53B59 /* AddGroupMemberBtnHL@2x.png */; };
		36C4182B19442F5800B53B59 /* CellBlueSelected@2x.png in Resources */ = {isa = PBXBuildFile; fileRef = 36C4182119442F5800B53B59 /* CellBlueSelected@2x.png */; };
		36C4182D19442F5800B53B59 /* CellGraySelected@2x.png in Resources */ = {isa = PBXBuildFile; fileRef = 36C4182319442F5800B53B59 /* CellGraySelected@2x.png */; };
		36C4182E19442F5800B53B59 /* CellNotSelected@2x.png in Resources */ = {isa = PBXBuildFile; fileRef = 36C4182419442F5800B53B59 /* CellNotSelected@2x.png */; };
		36C4182F19442F5800B53B59 /* CellRedSelected@2x.png in Resources */ = {isa = PBXBuildFile; fileRef = 36C4182519442F5800B53B59 /* CellRedSelected@2x.png */; };
		36C4183019442F5800B53B59 /* Contacts_AddFriends_Icon_Search@2x.png in Resources */ = {isa = PBXBuildFile; fileRef = 36C4182619442F5800B53B59 /* Contacts_AddFriends_Icon_Search@2x.png */; };
		36C4183219442F5800B53B59 /* ContactsPanelDotRect@2x.png in Resources */ = {isa = PBXBuildFile; fileRef = 36C4182819442F5800B53B59 /* ContactsPanelDotRect@2x.png */; };
		36C418351944345F00B53B59 /* UIView+Convenience.m in Sources */ = {isa = PBXBuildFile; fileRef = 36C418341944345F00B53B59 /* UIView+Convenience.m */; };
		36C41838194436DB00B53B59 /* MultiSelectedPanel.m in Sources */ = {isa = PBXBuildFile; fileRef = 36C41837194436DB00B53B59 /* MultiSelectedPanel.m */; };
		36C4183A194437AE00B53B59 /* MultiSelectedPanel.xib in Resources */ = {isa = PBXBuildFile; fileRef = 36C41839194437AE00B53B59 /* MultiSelectedPanel.xib */; };
		36C4183D1944398F00B53B59 /* MultiSelectedPanelBkg@2x.png in Resources */ = {isa = PBXBuildFile; fileRef = 36C4183B1944398F00B53B59 /* MultiSelectedPanelBkg@2x.png */; };
/* End PBXBuildFile section */

/* Begin PBXContainerItemProxy section */
		36C417FA19435ED400B53B59 /* PBXContainerItemProxy */ = {
			isa = PBXContainerItemProxy;
			containerPortal = 36C417CC19435ED400B53B59 /* Project object */;
			proxyType = 1;
			remoteGlobalIDString = 36C417D319435ED400B53B59;
			remoteInfo = MultiSelectTableViewController;
		};
/* End PBXContainerItemProxy section */

/* Begin PBXFileReference section */
		36A8C67F194440240052F6D1 /* MultiSelectedPanelConfirmBtnbKG@2x.png */ = {isa = PBXFileReference; lastKnownFileType = image.png; path = "MultiSelectedPanelConfirmBtnbKG@2x.png"; sourceTree = "<group>"; };
		36A8C686194473180052F6D1 /* AFNetworking.h */ = {isa = PBXFileReference; fileEncoding = 4; lastKnownFileType = sourcecode.c.h; path = AFNetworking.h; sourceTree = "<group>"; };
		36A8C688194473180052F6D1 /* AFHTTPRequestOperation.h */ = {isa = PBXFileReference; fileEncoding = 4; lastKnownFileType = sourcecode.c.h; path = AFHTTPRequestOperation.h; sourceTree = "<group>"; };
		36A8C689194473180052F6D1 /* AFHTTPRequestOperation.m */ = {isa = PBXFileReference; fileEncoding = 4; lastKnownFileType = sourcecode.c.objc; path = AFHTTPRequestOperation.m; sourceTree = "<group>"; };
		36A8C68A194473180052F6D1 /* AFHTTPRequestOperationManager.h */ = {isa = PBXFileReference; fileEncoding = 4; lastKnownFileType = sourcecode.c.h; path = AFHTTPRequestOperationManager.h; sourceTree = "<group>"; };
		36A8C68B194473180052F6D1 /* AFHTTPRequestOperationManager.m */ = {isa = PBXFileReference; fileEncoding = 4; lastKnownFileType = sourcecode.c.objc; path = AFHTTPRequestOperationManager.m; sourceTree = "<group>"; };
		36A8C68C194473180052F6D1 /* AFURLConnectionOperation.h */ = {isa = PBXFileReference; fileEncoding = 4; lastKnownFileType = sourcecode.c.h; path = AFURLConnectionOperation.h; sourceTree = "<group>"; };
		36A8C68D194473180052F6D1 /* AFURLConnectionOperation.m */ = {isa = PBXFileReference; fileEncoding = 4; lastKnownFileType = sourcecode.c.objc; path = AFURLConnectionOperation.m; sourceTree = "<group>"; };
		36A8C68F194473180052F6D1 /* AFHTTPSessionManager.h */ = {isa = PBXFileReference; fileEncoding = 4; lastKnownFileType = sourcecode.c.h; path = AFHTTPSessionManager.h; sourceTree = "<group>"; };
		36A8C690194473180052F6D1 /* AFHTTPSessionManager.m */ = {isa = PBXFileReference; fileEncoding = 4; lastKnownFileType = sourcecode.c.objc; path = AFHTTPSessionManager.m; sourceTree = "<group>"; };
		36A8C691194473180052F6D1 /* AFURLSessionManager.h */ = {isa = PBXFileReference; fileEncoding = 4; lastKnownFileType = sourcecode.c.h; path = AFURLSessionManager.h; sourceTree = "<group>"; };
		36A8C692194473180052F6D1 /* AFURLSessionManager.m */ = {isa = PBXFileReference; fileEncoding = 4; lastKnownFileType = sourcecode.c.objc; path = AFURLSessionManager.m; sourceTree = "<group>"; };
		36A8C694194473180052F6D1 /* AFNetworkReachabilityManager.h */ = {isa = PBXFileReference; fileEncoding = 4; lastKnownFileType = sourcecode.c.h; path = AFNetworkReachabilityManager.h; sourceTree = "<group>"; };
		36A8C695194473180052F6D1 /* AFNetworkReachabilityManager.m */ = {isa = PBXFileReference; fileEncoding = 4; lastKnownFileType = sourcecode.c.objc; path = AFNetworkReachabilityManager.m; sourceTree = "<group>"; };
		36A8C697194473180052F6D1 /* AFSecurityPolicy.h */ = {isa = PBXFileReference; fileEncoding = 4; lastKnownFileType = sourcecode.c.h; path = AFSecurityPolicy.h; sourceTree = "<group>"; };
		36A8C698194473180052F6D1 /* AFSecurityPolicy.m */ = {isa = PBXFileReference; fileEncoding = 4; lastKnownFileType = sourcecode.c.objc; path = AFSecurityPolicy.m; sourceTree = "<group>"; };
		36A8C69A194473180052F6D1 /* AFURLRequestSerialization.h */ = {isa = PBXFileReference; fileEncoding = 4; lastKnownFileType = sourcecode.c.h; path = AFURLRequestSerialization.h; sourceTree = "<group>"; };
		36A8C69B194473180052F6D1 /* AFURLRequestSerialization.m */ = {isa = PBXFileReference; fileEncoding = 4; lastKnownFileType = sourcecode.c.objc; path = AFURLRequestSerialization.m; sourceTree = "<group>"; };
		36A8C69C194473180052F6D1 /* AFURLResponseSerialization.h */ = {isa = PBXFileReference; fileEncoding = 4; lastKnownFileType = sourcecode.c.h; path = AFURLResponseSerialization.h; sourceTree = "<group>"; };
		36A8C69D194473180052F6D1 /* AFURLResponseSerialization.m */ = {isa = PBXFileReference; fileEncoding = 4; lastKnownFileType = sourcecode.c.objc; path = AFURLResponseSerialization.m; sourceTree = "<group>"; };
		36A8C69F194473180052F6D1 /* AFNetworkActivityIndicatorManager.h */ = {isa = PBXFileReference; fileEncoding = 4; lastKnownFileType = sourcecode.c.h; path = AFNetworkActivityIndicatorManager.h; sourceTree = "<group>"; };
		36A8C6A0194473180052F6D1 /* AFNetworkActivityIndicatorManager.m */ = {isa = PBXFileReference; fileEncoding = 4; lastKnownFileType = sourcecode.c.objc; path = AFNetworkActivityIndicatorManager.m; sourceTree = "<group>"; };
		36A8C6A1194473180052F6D1 /* UIActivityIndicatorView+AFNetworking.h */ = {isa = PBXFileReference; fileEncoding = 4; lastKnownFileType = sourcecode.c.h; path = "UIActivityIndicatorView+AFNetworking.h"; sourceTree = "<group>"; };
		36A8C6A2194473180052F6D1 /* UIActivityIndicatorView+AFNetworking.m */ = {isa = PBXFileReference; fileEncoding = 4; lastKnownFileType = sourcecode.c.objc; path = "UIActivityIndicatorView+AFNetworking.m"; sourceTree = "<group>"; };
		36A8C6A3194473180052F6D1 /* UIAlertView+AFNetworking.h */ = {isa = PBXFileReference; fileEncoding = 4; lastKnownFileType = sourcecode.c.h; path = "UIAlertView+AFNetworking.h"; sourceTree = "<group>"; };
		36A8C6A4194473180052F6D1 /* UIAlertView+AFNetworking.m */ = {isa = PBXFileReference; fileEncoding = 4; lastKnownFileType = sourcecode.c.objc; path = "UIAlertView+AFNetworking.m"; sourceTree = "<group>"; };
		36A8C6A5194473180052F6D1 /* UIButton+AFNetworking.h */ = {isa = PBXFileReference; fileEncoding = 4; lastKnownFileType = sourcecode.c.h; path = "UIButton+AFNetworking.h"; sourceTree = "<group>"; };
		36A8C6A6194473180052F6D1 /* UIButton+AFNetworking.m */ = {isa = PBXFileReference; fileEncoding = 4; lastKnownFileType = sourcecode.c.objc; path = "UIButton+AFNetworking.m"; sourceTree = "<group>"; };
		36A8C6A7194473180052F6D1 /* UIImageView+AFNetworking.h */ = {isa = PBXFileReference; fileEncoding = 4; lastKnownFileType = sourcecode.c.h; path = "UIImageView+AFNetworking.h"; sourceTree = "<group>"; };
		36A8C6A8194473180052F6D1 /* UIImageView+AFNetworking.m */ = {isa = PBXFileReference; fileEncoding = 4; lastKnownFileType = sourcecode.c.objc; path = "UIImageView+AFNetworking.m"; sourceTree = "<group>"; };
		36A8C6A9194473180052F6D1 /* UIKit+AFNetworking.h */ = {isa = PBXFileReference; fileEncoding = 4; lastKnownFileType = sourcecode.c.h; path = "UIKit+AFNetworking.h"; sourceTree = "<group>"; };
		36A8C6AA194473180052F6D1 /* UIProgressView+AFNetworking.h */ = {isa = PBXFileReference; fileEncoding = 4; lastKnownFileType = sourcecode.c.h; path = "UIProgressView+AFNetworking.h"; sourceTree = "<group>"; };
		36A8C6AB194473180052F6D1 /* UIProgressView+AFNetworking.m */ = {isa = PBXFileReference; fileEncoding = 4; lastKnownFileType = sourcecode.c.objc; path = "UIProgressView+AFNetworking.m"; sourceTree = "<group>"; };
		36A8C6AC194473180052F6D1 /* UIRefreshControl+AFNetworking.h */ = {isa = PBXFileReference; fileEncoding = 4; lastKnownFileType = sourcecode.c.h; path = "UIRefreshControl+AFNetworking.h"; sourceTree = "<group>"; };
		36A8C6AD194473180052F6D1 /* UIRefreshControl+AFNetworking.m */ = {isa = PBXFileReference; fileEncoding = 4; lastKnownFileType = sourcecode.c.objc; path = "UIRefreshControl+AFNetworking.m"; sourceTree = "<group>"; };
		36A8C6AE194473180052F6D1 /* UIWebView+AFNetworking.h */ = {isa = PBXFileReference; fileEncoding = 4; lastKnownFileType = sourcecode.c.h; path = "UIWebView+AFNetworking.h"; sourceTree = "<group>"; };
		36A8C6AF194473180052F6D1 /* UIWebView+AFNetworking.m */ = {isa = PBXFileReference; fileEncoding = 4; lastKnownFileType = sourcecode.c.objc; path = "UIWebView+AFNetworking.m"; sourceTree = "<group>"; };
		36C417D419435ED400B53B59 /* MultiSelectTableViewController.app */ = {isa = PBXFileReference; explicitFileType = wrapper.application; includeInIndex = 0; path = MultiSelectTableViewController.app; sourceTree = BUILT_PRODUCTS_DIR; };
		36C417D719435ED400B53B59 /* Foundation.framework */ = {isa = PBXFileReference; lastKnownFileType = wrapper.framework; name = Foundation.framework; path = System/Library/Frameworks/Foundation.framework; sourceTree = SDKROOT; };
		36C417D919435ED400B53B59 /* CoreGraphics.framework */ = {isa = PBXFileReference; lastKnownFileType = wrapper.framework; name = CoreGraphics.framework; path = System/Library/Frameworks/CoreGraphics.framework; sourceTree = SDKROOT; };
		36C417DB19435ED400B53B59 /* UIKit.framework */ = {isa = PBXFileReference; lastKnownFileType = wrapper.framework; name = UIKit.framework; path = System/Library/Frameworks/UIKit.framework; sourceTree = SDKROOT; };
		36C417DF19435ED400B53B59 /* MultiSelectTableViewController-Info.plist */ = {isa = PBXFileReference; lastKnownFileType = text.plist.xml; path = "MultiSelectTableViewController-Info.plist"; sourceTree = "<group>"; };
		36C417E119435ED400B53B59 /* en */ = {isa = PBXFileReference; lastKnownFileType = text.plist.strings; name = en; path = en.lproj/InfoPlist.strings; sourceTree = "<group>"; };
		36C417E319435ED400B53B59 /* main.m */ = {isa = PBXFileReference; lastKnownFileType = sourcecode.c.objc; path = main.m; sourceTree = "<group>"; };
		36C417E519435ED400B53B59 /* MultiSelectTableViewController-Prefix.pch */ = {isa = PBXFileReference; lastKnownFileType = sourcecode.c.h; path = "MultiSelectTableViewController-Prefix.pch"; sourceTree = "<group>"; };
		36C417E619435ED400B53B59 /* AppDelegate.h */ = {isa = PBXFileReference; lastKnownFileType = sourcecode.c.h; path = AppDelegate.h; sourceTree = "<group>"; };
		36C417E719435ED400B53B59 /* AppDelegate.m */ = {isa = PBXFileReference; lastKnownFileType = sourcecode.c.objc; path = AppDelegate.m; sourceTree = "<group>"; };
		36C417EA19435ED400B53B59 /* Base */ = {isa = PBXFileReference; lastKnownFileType = file.storyboard; name = Base; path = Base.lproj/Main.storyboard; sourceTree = "<group>"; };
		36C417EC19435ED400B53B59 /* ViewController.h */ = {isa = PBXFileReference; lastKnownFileType = sourcecode.c.h; path = ViewController.h; sourceTree = "<group>"; };
		36C417ED19435ED400B53B59 /* ViewController.m */ = {isa = PBXFileReference; lastKnownFileType = sourcecode.c.objc; path = ViewController.m; sourceTree = "<group>"; };
		36C417EF19435ED400B53B59 /* Images.xcassets */ = {isa = PBXFileReference; lastKnownFileType = folder.assetcatalog; path = Images.xcassets; sourceTree = "<group>"; };
		36C417F519435ED400B53B59 /* MultiSelectTableViewControllerTests.xctest */ = {isa = PBXFileReference; explicitFileType = wrapper.cfbundle; includeInIndex = 0; path = MultiSelectTableViewControllerTests.xctest; sourceTree = BUILT_PRODUCTS_DIR; };
		36C417F619435ED400B53B59 /* XCTest.framework */ = {isa = PBXFileReference; lastKnownFileType = wrapper.framework; name = XCTest.framework; path = Library/Frameworks/XCTest.framework; sourceTree = DEVELOPER_DIR; };
		36C417FE19435ED400B53B59 /* MultiSelectTableViewControllerTests-Info.plist */ = {isa = PBXFileReference; lastKnownFileType = text.plist.xml; path = "MultiSelectTableViewControllerTests-Info.plist"; sourceTree = "<group>"; };
		36C4180019435ED400B53B59 /* en */ = {isa = PBXFileReference; lastKnownFileType = text.plist.strings; name = en; path = en.lproj/InfoPlist.strings; sourceTree = "<group>"; };
		36C4180219435ED400B53B59 /* MultiSelectTableViewControllerTests.m */ = {isa = PBXFileReference; lastKnownFileType = sourcecode.c.objc; path = MultiSelectTableViewControllerTests.m; sourceTree = "<group>"; };
		36C4180C19435EFE00B53B59 /* MultiSelectViewController.h */ = {isa = PBXFileReference; fileEncoding = 4; lastKnownFileType = sourcecode.c.h; path = MultiSelectViewController.h; sourceTree = "<group>"; };
		36C4180D19435EFE00B53B59 /* MultiSelectViewController.m */ = {isa = PBXFileReference; fileEncoding = 4; lastKnownFileType = sourcecode.c.objc; path = MultiSelectViewController.m; sourceTree = "<group>"; };
		36C4180F19436CD500B53B59 /* MultiSelectItem.h */ = {isa = PBXFileReference; fileEncoding = 4; lastKnownFileType = sourcecode.c.h; path = MultiSelectItem.h; sourceTree = "<group>"; };
		36C4181019436CD500B53B59 /* MultiSelectItem.m */ = {isa = PBXFileReference; fileEncoding = 4; lastKnownFileType = sourcecode.c.objc; path = MultiSelectItem.m; sourceTree = "<group>"; };
		36C4181219436DAB00B53B59 /* avatar.jpg */ = {isa = PBXFileReference; lastKnownFileType = image.jpeg; path = avatar.jpg; sourceTree = "<group>"; };
		36C4181419436F9B00B53B59 /* MultiSelectTableViewCell.h */ = {isa = PBXFileReference; fileEncoding = 4; lastKnownFileType = sourcecode.c.h; path = MultiSelectTableViewCell.h; sourceTree = "<group>"; };
		36C4181519436F9B00B53B59 /* MultiSelectTableViewCell.m */ = {isa = PBXFileReference; fileEncoding = 4; lastKnownFileType = sourcecode.c.objc; path = MultiSelectTableViewCell.m; sourceTree = "<group>"; };
		36C4181619436F9B00B53B59 /* MultiSelectTableViewCell.xib */ = {isa = PBXFileReference; fileEncoding = 4; lastKnownFileType = file.xib; path = MultiSelectTableViewCell.xib; sourceTree = "<group>"; };
		36C41819194371AC00B53B59 /* MLLetterIndexNavigationItem.h */ = {isa = PBXFileReference; fileEncoding = 4; lastKnownFileType = sourcecode.c.h; path = MLLetterIndexNavigationItem.h; sourceTree = "<group>"; };
		36C4181A194371AC00B53B59 /* MLLetterIndexNavigationItem.m */ = {isa = PBXFileReference; fileEncoding = 4; lastKnownFileType = sourcecode.c.objc; path = MLLetterIndexNavigationItem.m; sourceTree = "<group>"; };
		36C4181B194371AC00B53B59 /* MLLetterIndexNavigationView.h */ = {isa = PBXFileReference; fileEncoding = 4; lastKnownFileType = sourcecode.c.h; path = MLLetterIndexNavigationView.h; sourceTree = "<group>"; };
		36C4181C194371AC00B53B59 /* MLLetterIndexNavigationView.m */ = {isa = PBXFileReference; fileEncoding = 4; lastKnownFileType = sourcecode.c.objc; path = MLLetterIndexNavigationView.m; sourceTree = "<group>"; };
		36C4181F19442F5800B53B59 /* AddGroupMemberBtn@2x.png */ = {isa = PBXFileReference; lastKnownFileType = image.png; path = "AddGroupMemberBtn@2x.png"; sourceTree = "<group>"; };
		36C4182019442F5800B53B59 /* AddGroupMemberBtnHL@2x.png */ = {isa = PBXFileReference; lastKnownFileType = image.png; path = "AddGroupMemberBtnHL@2x.png"; sourceTree = "<group>"; };
		36C4182119442F5800B53B59 /* CellBlueSelected@2x.png */ = {isa = PBXFileReference; lastKnownFileType = image.png; path = "CellBlueSelected@2x.png"; sourceTree = "<group>"; };
		36C4182319442F5800B53B59 /* CellGraySelected@2x.png */ = {isa = PBXFileReference; lastKnownFileType = image.png; path = "CellGraySelected@2x.png"; sourceTree = "<group>"; };
		36C4182419442F5800B53B59 /* CellNotSelected@2x.png */ = {isa = PBXFileReference; lastKnownFileType = image.png; path = "CellNotSelected@2x.png"; sourceTree = "<group>"; };
		36C4182519442F5800B53B59 /* CellRedSelected@2x.png */ = {isa = PBXFileReference; lastKnownFileType = image.png; path = "CellRedSelected@2x.png"; sourceTree = "<group>"; };
		36C4182619442F5800B53B59 /* Contacts_AddFriends_Icon_Search@2x.png */ = {isa = PBXFileReference; lastKnownFileType = image.png; path = "Contacts_AddFriends_Icon_Search@2x.png"; sourceTree = "<group>"; };
		36C4182819442F5800B53B59 /* ContactsPanelDotRect@2x.png */ = {isa = PBXFileReference; lastKnownFileType = image.png; path = "ContactsPanelDotRect@2x.png"; sourceTree = "<group>"; };
		36C418331944345F00B53B59 /* UIView+Convenience.h */ = {isa = PBXFileReference; fileEncoding = 4; lastKnownFileType = sourcecode.c.h; path = "UIView+Convenience.h"; sourceTree = "<group>"; };
		36C418341944345F00B53B59 /* UIView+Convenience.m */ = {isa = PBXFileReference; fileEncoding = 4; lastKnownFileType = sourcecode.c.objc; path = "UIView+Convenience.m"; sourceTree = "<group>"; };
		36C41836194436DB00B53B59 /* MultiSelectedPanel.h */ = {isa = PBXFileReference; fileEncoding = 4; lastKnownFileType = sourcecode.c.h; path = MultiSelectedPanel.h; sourceTree = "<group>"; };
		36C41837194436DB00B53B59 /* MultiSelectedPanel.m */ = {isa = PBXFileReference; fileEncoding = 4; lastKnownFileType = sourcecode.c.objc; path = MultiSelectedPanel.m; sourceTree = "<group>"; };
		36C41839194437AE00B53B59 /* MultiSelectedPanel.xib */ = {isa = PBXFileReference; fileEncoding = 4; lastKnownFileType = file.xib; path = MultiSelectedPanel.xib; sourceTree = "<group>"; };
		36C4183B1944398F00B53B59 /* MultiSelectedPanelBkg@2x.png */ = {isa = PBXFileReference; lastKnownFileType = image.png; path = "MultiSelectedPanelBkg@2x.png"; sourceTree = "<group>"; };
/* End PBXFileReference section */

/* Begin PBXFrameworksBuildPhase section */
		36C417D119435ED400B53B59 /* Frameworks */ = {
			isa = PBXFrameworksBuildPhase;
			buildActionMask = 2147483647;
			files = (
				36C417DA19435ED400B53B59 /* CoreGraphics.framework in Frameworks */,
				36C417DC19435ED400B53B59 /* UIKit.framework in Frameworks */,
				36C417D819435ED400B53B59 /* Foundation.framework in Frameworks */,
			);
			runOnlyForDeploymentPostprocessing = 0;
		};
		36C417F219435ED400B53B59 /* Frameworks */ = {
			isa = PBXFrameworksBuildPhase;
			buildActionMask = 2147483647;
			files = (
				36C417F719435ED400B53B59 /* XCTest.framework in Frameworks */,
				36C417F919435ED400B53B59 /* UIKit.framework in Frameworks */,
				36C417F819435ED400B53B59 /* Foundation.framework in Frameworks */,
			);
			runOnlyForDeploymentPostprocessing = 0;
		};
/* End PBXFrameworksBuildPhase section */

/* Begin PBXGroup section */
		36A8C681194441C80052F6D1 /* MLLetterIndex */ = {
			isa = PBXGroup;
			children = (
				36C41819194371AC00B53B59 /* MLLetterIndexNavigationItem.h */,
				36C4181A194371AC00B53B59 /* MLLetterIndexNavigationItem.m */,
				36C4181B194371AC00B53B59 /* MLLetterIndexNavigationView.h */,
				36C4181C194371AC00B53B59 /* MLLetterIndexNavigationView.m */,
			);
			name = MLLetterIndex;
			sourceTree = "<group>";
		};
		36A8C682194441D50052F6D1 /* Image */ = {
			isa = PBXGroup;
			children = (
				36A8C67F194440240052F6D1 /* MultiSelectedPanelConfirmBtnbKG@2x.png */,
				36C4183B1944398F00B53B59 /* MultiSelectedPanelBkg@2x.png */,
				36C4181F19442F5800B53B59 /* AddGroupMemberBtn@2x.png */,
				36C4182019442F5800B53B59 /* AddGroupMemberBtnHL@2x.png */,
				36C4182119442F5800B53B59 /* CellBlueSelected@2x.png */,
				36C4182319442F5800B53B59 /* CellGraySelected@2x.png */,
				36C4182419442F5800B53B59 /* CellNotSelected@2x.png */,
				36C4182519442F5800B53B59 /* CellRedSelected@2x.png */,
				36C4182619442F5800B53B59 /* Contacts_AddFriends_Icon_Search@2x.png */,
				36C4182819442F5800B53B59 /* ContactsPanelDotRect@2x.png */,
			);
			name = Image;
			sourceTree = "<group>";
		};
		36A8C683194441E70052F6D1 /* MultiSelect */ = {
			isa = PBXGroup;
			children = (
				36C4180C19435EFE00B53B59 /* MultiSelectViewController.h */,
				36C4180D19435EFE00B53B59 /* MultiSelectViewController.m */,
				36C4180F19436CD500B53B59 /* MultiSelectItem.h */,
				36C4181019436CD500B53B59 /* MultiSelectItem.m */,
				36C4181419436F9B00B53B59 /* MultiSelectTableViewCell.h */,
				36C4181519436F9B00B53B59 /* MultiSelectTableViewCell.m */,
				36C4181619436F9B00B53B59 /* MultiSelectTableViewCell.xib */,
				36C41836194436DB00B53B59 /* MultiSelectedPanel.h */,
				36C41837194436DB00B53B59 /* MultiSelectedPanel.m */,
				36C41839194437AE00B53B59 /* MultiSelectedPanel.xib */,
			);
			name = MultiSelect;
			sourceTree = "<group>";
		};
		36A8C684194473180052F6D1 /* AFNetwoking */ = {
			isa = PBXGroup;
			children = (
				36A8C685194473180052F6D1 /* AFNetworking */,
				36A8C69E194473180052F6D1 /* UIKit+AFNetworking */,
			);
			path = AFNetwoking;
			sourceTree = "<group>";
		};
		36A8C685194473180052F6D1 /* AFNetworking */ = {
			isa = PBXGroup;
			children = (
				36A8C686194473180052F6D1 /* AFNetworking.h */,
				36A8C687194473180052F6D1 /* NSURLConnection */,
				36A8C68E194473180052F6D1 /* NSURLSession */,
				36A8C693194473180052F6D1 /* Reachability */,
				36A8C696194473180052F6D1 /* Security */,
				36A8C699194473180052F6D1 /* Serialization */,
			);
			path = AFNetworking;
			sourceTree = "<group>";
		};
		36A8C687194473180052F6D1 /* NSURLConnection */ = {
			isa = PBXGroup;
			children = (
				36A8C688194473180052F6D1 /* AFHTTPRequestOperation.h */,
				36A8C689194473180052F6D1 /* AFHTTPRequestOperation.m */,
				36A8C68A194473180052F6D1 /* AFHTTPRequestOperationManager.h */,
				36A8C68B194473180052F6D1 /* AFHTTPRequestOperationManager.m */,
				36A8C68C194473180052F6D1 /* AFURLConnectionOperation.h */,
				36A8C68D194473180052F6D1 /* AFURLConnectionOperation.m */,
			);
			path = NSURLConnection;
			sourceTree = "<group>";
		};
		36A8C68E194473180052F6D1 /* NSURLSession */ = {
			isa = PBXGroup;
			children = (
				36A8C68F194473180052F6D1 /* AFHTTPSessionManager.h */,
				36A8C690194473180052F6D1 /* AFHTTPSessionManager.m */,
				36A8C691194473180052F6D1 /* AFURLSessionManager.h */,
				36A8C692194473180052F6D1 /* AFURLSessionManager.m */,
			);
			path = NSURLSession;
			sourceTree = "<group>";
		};
		36A8C693194473180052F6D1 /* Reachability */ = {
			isa = PBXGroup;
			children = (
				36A8C694194473180052F6D1 /* AFNetworkReachabilityManager.h */,
				36A8C695194473180052F6D1 /* AFNetworkReachabilityManager.m */,
			);
			path = Reachability;
			sourceTree = "<group>";
		};
		36A8C696194473180052F6D1 /* Security */ = {
			isa = PBXGroup;
			children = (
				36A8C697194473180052F6D1 /* AFSecurityPolicy.h */,
				36A8C698194473180052F6D1 /* AFSecurityPolicy.m */,
			);
			path = Security;
			sourceTree = "<group>";
		};
		36A8C699194473180052F6D1 /* Serialization */ = {
			isa = PBXGroup;
			children = (
				36A8C69A194473180052F6D1 /* AFURLRequestSerialization.h */,
				36A8C69B194473180052F6D1 /* AFURLRequestSerialization.m */,
				36A8C69C194473180052F6D1 /* AFURLResponseSerialization.h */,
				36A8C69D194473180052F6D1 /* AFURLResponseSerialization.m */,
			);
			path = Serialization;
			sourceTree = "<group>";
		};
		36A8C69E194473180052F6D1 /* UIKit+AFNetworking */ = {
			isa = PBXGroup;
			children = (
				36A8C69F194473180052F6D1 /* AFNetworkActivityIndicatorManager.h */,
				36A8C6A0194473180052F6D1 /* AFNetworkActivityIndicatorManager.m */,
				36A8C6A1194473180052F6D1 /* UIActivityIndicatorView+AFNetworking.h */,
				36A8C6A2194473180052F6D1 /* UIActivityIndicatorView+AFNetworking.m */,
				36A8C6A3194473180052F6D1 /* UIAlertView+AFNetworking.h */,
				36A8C6A4194473180052F6D1 /* UIAlertView+AFNetworking.m */,
				36A8C6A5194473180052F6D1 /* UIButton+AFNetworking.h */,
				36A8C6A6194473180052F6D1 /* UIButton+AFNetworking.m */,
				36A8C6A7194473180052F6D1 /* UIImageView+AFNetworking.h */,
				36A8C6A8194473180052F6D1 /* UIImageView+AFNetworking.m */,
				36A8C6A9194473180052F6D1 /* UIKit+AFNetworking.h */,
				36A8C6AA194473180052F6D1 /* UIProgressView+AFNetworking.h */,
				36A8C6AB194473180052F6D1 /* UIProgressView+AFNetworking.m */,
				36A8C6AC194473180052F6D1 /* UIRefreshControl+AFNetworking.h */,
				36A8C6AD194473180052F6D1 /* UIRefreshControl+AFNetworking.m */,
				36A8C6AE194473180052F6D1 /* UIWebView+AFNetworking.h */,
				36A8C6AF194473180052F6D1 /* UIWebView+AFNetworking.m */,
			);
			path = "UIKit+AFNetworking";
			sourceTree = "<group>";
		};
		36C417CB19435ED400B53B59 = {
			isa = PBXGroup;
			children = (
				36C417DD19435ED400B53B59 /* MultiSelectTableViewController */,
				36C417FC19435ED400B53B59 /* MultiSelectTableViewControllerTests */,
				36C417D619435ED400B53B59 /* Frameworks */,
				36C417D519435ED400B53B59 /* Products */,
			);
			sourceTree = "<group>";
		};
		36C417D519435ED400B53B59 /* Products */ = {
			isa = PBXGroup;
			children = (
				36C417D419435ED400B53B59 /* MultiSelectTableViewController.app */,
				36C417F519435ED400B53B59 /* MultiSelectTableViewControllerTests.xctest */,
			);
			name = Products;
			sourceTree = "<group>";
		};
		36C417D619435ED400B53B59 /* Frameworks */ = {
			isa = PBXGroup;
			children = (
				36C417D719435ED400B53B59 /* Foundation.framework */,
				36C417D919435ED400B53B59 /* CoreGraphics.framework */,
				36C417DB19435ED400B53B59 /* UIKit.framework */,
				36C417F619435ED400B53B59 /* XCTest.framework */,
			);
			name = Frameworks;
			sourceTree = "<group>";
		};
		36C417DD19435ED400B53B59 /* MultiSelectTableViewController */ = {
			isa = PBXGroup;
			children = (
				36A8C684194473180052F6D1 /* AFNetwoking */,
				36A8C683194441E70052F6D1 /* MultiSelect */,
				36A8C682194441D50052F6D1 /* Image */,
				36A8C681194441C80052F6D1 /* MLLetterIndex */,
				36C418331944345F00B53B59 /* UIView+Convenience.h */,
				36C418341944345F00B53B59 /* UIView+Convenience.m */,
				36C4181219436DAB00B53B59 /* avatar.jpg */,
				36C417E619435ED400B53B59 /* AppDelegate.h */,
				36C417E719435ED400B53B59 /* AppDelegate.m */,
				36C417E919435ED400B53B59 /* Main.storyboard */,
				36C417EC19435ED400B53B59 /* ViewController.h */,
				36C417ED19435ED400B53B59 /* ViewController.m */,
				36C417EF19435ED400B53B59 /* Images.xcassets */,
				36C417DE19435ED400B53B59 /* Supporting Files */,
			);
			path = MultiSelectTableViewController;
			sourceTree = "<group>";
		};
		36C417DE19435ED400B53B59 /* Supporting Files */ = {
			isa = PBXGroup;
			children = (
				36C417DF19435ED400B53B59 /* MultiSelectTableViewController-Info.plist */,
				36C417E019435ED400B53B59 /* InfoPlist.strings */,
				36C417E319435ED400B53B59 /* main.m */,
				36C417E519435ED400B53B59 /* MultiSelectTableViewController-Prefix.pch */,
			);
			name = "Supporting Files";
			sourceTree = "<group>";
		};
		36C417FC19435ED400B53B59 /* MultiSelectTableViewControllerTests */ = {
			isa = PBXGroup;
			children = (
				36C4180219435ED400B53B59 /* MultiSelectTableViewControllerTests.m */,
				36C417FD19435ED400B53B59 /* Supporting Files */,
			);
			path = MultiSelectTableViewControllerTests;
			sourceTree = "<group>";
		};
		36C417FD19435ED400B53B59 /* Supporting Files */ = {
			isa = PBXGroup;
			children = (
				36C417FE19435ED400B53B59 /* MultiSelectTableViewControllerTests-Info.plist */,
				36C417FF19435ED400B53B59 /* InfoPlist.strings */,
			);
			name = "Supporting Files";
			sourceTree = "<group>";
		};
/* End PBXGroup section */

/* Begin PBXNativeTarget section */
		36C417D319435ED400B53B59 /* MultiSelectTableViewController */ = {
			isa = PBXNativeTarget;
			buildConfigurationList = 36C4180619435ED400B53B59 /* Build configuration list for PBXNativeTarget "MultiSelectTableViewController" */;
			buildPhases = (
				36C417D019435ED400B53B59 /* Sources */,
				36C417D119435ED400B53B59 /* Frameworks */,
				36C417D219435ED400B53B59 /* Resources */,
			);
			buildRules = (
			);
			dependencies = (
			);
			name = MultiSelectTableViewController;
			productName = MultiSelectTableViewController;
			productReference = 36C417D419435ED400B53B59 /* MultiSelectTableViewController.app */;
			productType = "com.apple.product-type.application";
		};
		36C417F419435ED400B53B59 /* MultiSelectTableViewControllerTests */ = {
			isa = PBXNativeTarget;
			buildConfigurationList = 36C4180919435ED400B53B59 /* Build configuration list for PBXNativeTarget "MultiSelectTableViewControllerTests" */;
			buildPhases = (
				36C417F119435ED400B53B59 /* Sources */,
				36C417F219435ED400B53B59 /* Frameworks */,
				36C417F319435ED400B53B59 /* Resources */,
			);
			buildRules = (
			);
			dependencies = (
				36C417FB19435ED400B53B59 /* PBXTargetDependency */,
			);
			name = MultiSelectTableViewControllerTests;
			productName = MultiSelectTableViewControllerTests;
			productReference = 36C417F519435ED400B53B59 /* MultiSelectTableViewControllerTests.xctest */;
			productType = "com.apple.product-type.bundle.unit-test";
		};
/* End PBXNativeTarget section */

/* Begin PBXProject section */
		36C417CC19435ED400B53B59 /* Project object */ = {
			isa = PBXProject;
			attributes = {
				LastUpgradeCheck = 0510;
				ORGANIZATIONNAME = molon;
				TargetAttributes = {
					36C417F419435ED400B53B59 = {
						TestTargetID = 36C417D319435ED400B53B59;
					};
				};
			};
			buildConfigurationList = 36C417CF19435ED400B53B59 /* Build configuration list for PBXProject "MultiSelectTableViewController" */;
			compatibilityVersion = "Xcode 3.2";
			developmentRegion = English;
			hasScannedForEncodings = 0;
			knownRegions = (
				en,
				Base,
			);
			mainGroup = 36C417CB19435ED400B53B59;
			productRefGroup = 36C417D519435ED400B53B59 /* Products */;
			projectDirPath = "";
			projectRoot = "";
			targets = (
				36C417D319435ED400B53B59 /* MultiSelectTableViewController */,
				36C417F419435ED400B53B59 /* MultiSelectTableViewControllerTests */,
			);
		};
/* End PBXProject section */

/* Begin PBXResourcesBuildPhase section */
		36C417D219435ED400B53B59 /* Resources */ = {
			isa = PBXResourcesBuildPhase;
			buildActionMask = 2147483647;
			files = (
				36C4181319436DAB00B53B59 /* avatar.jpg in Resources */,
				36C4182E19442F5800B53B59 /* CellNotSelected@2x.png in Resources */,
				36C417F019435ED400B53B59 /* Images.xcassets in Resources */,
				36C4183019442F5800B53B59 /* Contacts_AddFriends_Icon_Search@2x.png in Resources */,
				36C4182D19442F5800B53B59 /* CellGraySelected@2x.png in Resources */,
				36A8C680194440240052F6D1 /* MultiSelectedPanelConfirmBtnbKG@2x.png in Resources */,
				36C4182A19442F5800B53B59 /* AddGroupMemberBtnHL@2x.png in Resources */,
				36C417E219435ED400B53B59 /* InfoPlist.strings in Resources */,
				36C4182919442F5800B53B59 /* AddGroupMemberBtn@2x.png in Resources */,
				36C4183D1944398F00B53B59 /* MultiSelectedPanelBkg@2x.png in Resources */,
				36C4182B19442F5800B53B59 /* CellBlueSelected@2x.png in Resources */,
				36C417EB19435ED400B53B59 /* Main.storyboard in Resources */,
				36C4181819436F9B00B53B59 /* MultiSelectTableViewCell.xib in Resources */,
				36C4182F19442F5800B53B59 /* CellRedSelected@2x.png in Resources */,
				36C4183219442F5800B53B59 /* ContactsPanelDotRect@2x.png in Resources */,
				36C4183A194437AE00B53B59 /* MultiSelectedPanel.xib in Resources */,
			);
			runOnlyForDeploymentPostprocessing = 0;
		};
		36C417F319435ED400B53B59 /* Resources */ = {
			isa = PBXResourcesBuildPhase;
			buildActionMask = 2147483647;
			files = (
				36C4180119435ED400B53B59 /* InfoPlist.strings in Resources */,
			);
			runOnlyForDeploymentPostprocessing = 0;
		};
/* End PBXResourcesBuildPhase section */

/* Begin PBXSourcesBuildPhase section */
		36C417D019435ED400B53B59 /* Sources */ = {
			isa = PBXSourcesBuildPhase;
			buildActionMask = 2147483647;
			files = (
				36A8C6B4194473180052F6D1 /* AFURLSessionManager.m in Sources */,
				36A8C6B2194473180052F6D1 /* AFURLConnectionOperation.m in Sources */,
				36C418351944345F00B53B59 /* UIView+Convenience.m in Sources */,
				36C4181D194371AC00B53B59 /* MLLetterIndexNavigationItem.m in Sources */,
				36A8C6BE194473180052F6D1 /* UIProgressView+AFNetworking.m in Sources */,
				36A8C6BB194473180052F6D1 /* UIAlertView+AFNetworking.m in Sources */,
				36A8C6B9194473180052F6D1 /* AFNetworkActivityIndicatorManager.m in Sources */,
				36A8C6B1194473180052F6D1 /* AFHTTPRequestOperationManager.m in Sources */,
				36A8C6BC194473180052F6D1 /* UIButton+AFNetworking.m in Sources */,
				36A8C6BA194473180052F6D1 /* UIActivityIndicatorView+AFNetworking.m in Sources */,
				36C4180E19435EFE00B53B59 /* MultiSelectViewController.m in Sources */,
				36A8C6C0194473180052F6D1 /* UIWebView+AFNetworking.m in Sources */,
				36A8C6B5194473180052F6D1 /* AFNetworkReachabilityManager.m in Sources */,
				36A8C6B3194473180052F6D1 /* AFHTTPSessionManager.m in Sources */,
				36C41838194436DB00B53B59 /* MultiSelectedPanel.m in Sources */,
				36A8C6B8194473180052F6D1 /* AFURLResponseSerialization.m in Sources */,
				36A8C6B7194473180052F6D1 /* AFURLRequestSerialization.m in Sources */,
				36A8C6B6194473180052F6D1 /* AFSecurityPolicy.m in Sources */,
				36C4181719436F9B00B53B59 /* MultiSelectTableViewCell.m in Sources */,
				36C4181119436CD500B53B59 /* MultiSelectItem.m in Sources */,
				36C4181E194371AC00B53B59 /* MLLetterIndexNavigationView.m in Sources */,
				36A8C6BF194473180052F6D1 /* UIRefreshControl+AFNetworking.m in Sources */,
				36A8C6BD194473180052F6D1 /* UIImageView+AFNetworking.m in Sources */,
				36C417EE19435ED400B53B59 /* ViewController.m in Sources */,
				36C417E819435ED400B53B59 /* AppDelegate.m in Sources */,
				36C417E419435ED400B53B59 /* main.m in Sources */,
				36A8C6B0194473180052F6D1 /* AFHTTPRequestOperation.m in Sources */,
			);
			runOnlyForDeploymentPostprocessing = 0;
		};
		36C417F119435ED400B53B59 /* Sources */ = {
			isa = PBXSourcesBuildPhase;
			buildActionMask = 2147483647;
			files = (
				36C4180319435ED400B53B59 /* MultiSelectTableViewControllerTests.m in Sources */,
			);
			runOnlyForDeploymentPostprocessing = 0;
		};
/* End PBXSourcesBuildPhase section */

/* Begin PBXTargetDependency section */
		36C417FB19435ED400B53B59 /* PBXTargetDependency */ = {
			isa = PBXTargetDependency;
			target = 36C417D319435ED400B53B59 /* MultiSelectTableViewController */;
			targetProxy = 36C417FA19435ED400B53B59 /* PBXContainerItemProxy */;
		};
/* End PBXTargetDependency section */

/* Begin PBXVariantGroup section */
		36C417E019435ED400B53B59 /* InfoPlist.strings */ = {
			isa = PBXVariantGroup;
			children = (
				36C417E119435ED400B53B59 /* en */,
			);
			name = InfoPlist.strings;
			sourceTree = "<group>";
		};
		36C417E919435ED400B53B59 /* Main.storyboard */ = {
			isa = PBXVariantGroup;
			children = (
				36C417EA19435ED400B53B59 /* Base */,
			);
			name = Main.storyboard;
			sourceTree = "<group>";
		};
		36C417FF19435ED400B53B59 /* InfoPlist.strings */ = {
			isa = PBXVariantGroup;
			children = (
				36C4180019435ED400B53B59 /* en */,
			);
			name = InfoPlist.strings;
			sourceTree = "<group>";
		};
/* End PBXVariantGroup section */

/* Begin XCBuildConfiguration section */
		36C4180419435ED400B53B59 /* Debug */ = {
			isa = XCBuildConfiguration;
			buildSettings = {
				ALWAYS_SEARCH_USER_PATHS = NO;
				CLANG_CXX_LANGUAGE_STANDARD = "gnu++0x";
				CLANG_CXX_LIBRARY = "libc++";
				CLANG_ENABLE_MODULES = YES;
				CLANG_ENABLE_OBJC_ARC = YES;
				CLANG_WARN_BOOL_CONVERSION = YES;
				CLANG_WARN_CONSTANT_CONVERSION = YES;
				CLANG_WARN_DIRECT_OBJC_ISA_USAGE = YES_ERROR;
				CLANG_WARN_EMPTY_BODY = YES;
				CLANG_WARN_ENUM_CONVERSION = YES;
				CLANG_WARN_INT_CONVERSION = YES;
				CLANG_WARN_OBJC_ROOT_CLASS = YES_ERROR;
				CLANG_WARN__DUPLICATE_METHOD_MATCH = YES;
				"CODE_SIGN_IDENTITY[sdk=iphoneos*]" = "iPhone Developer";
				COPY_PHASE_STRIP = NO;
				GCC_C_LANGUAGE_STANDARD = gnu99;
				GCC_DYNAMIC_NO_PIC = NO;
				GCC_OPTIMIZATION_LEVEL = 0;
				GCC_PREPROCESSOR_DEFINITIONS = (
					"DEBUG=1",
					"$(inherited)",
				);
				GCC_SYMBOLS_PRIVATE_EXTERN = NO;
				GCC_WARN_64_TO_32_BIT_CONVERSION = YES;
				GCC_WARN_ABOUT_RETURN_TYPE = YES_ERROR;
				GCC_WARN_UNDECLARED_SELECTOR = YES;
				GCC_WARN_UNINITIALIZED_AUTOS = YES_AGGRESSIVE;
				GCC_WARN_UNUSED_FUNCTION = YES;
				GCC_WARN_UNUSED_VARIABLE = YES;
				IPHONEOS_DEPLOYMENT_TARGET = 7.1;
				ONLY_ACTIVE_ARCH = YES;
				SDKROOT = iphoneos;
			};
			name = Debug;
		};
		36C4180519435ED400B53B59 /* Release */ = {
			isa = XCBuildConfiguration;
			buildSettings = {
				ALWAYS_SEARCH_USER_PATHS = NO;
				CLANG_CXX_LANGUAGE_STANDARD = "gnu++0x";
				CLANG_CXX_LIBRARY = "libc++";
				CLANG_ENABLE_MODULES = YES;
				CLANG_ENABLE_OBJC_ARC = YES;
				CLANG_WARN_BOOL_CONVERSION = YES;
				CLANG_WARN_CONSTANT_CONVERSION = YES;
				CLANG_WARN_DIRECT_OBJC_ISA_USAGE = YES_ERROR;
				CLANG_WARN_EMPTY_BODY = YES;
				CLANG_WARN_ENUM_CONVERSION = YES;
				CLANG_WARN_INT_CONVERSION = YES;
				CLANG_WARN_OBJC_ROOT_CLASS = YES_ERROR;
				CLANG_WARN__DUPLICATE_METHOD_MATCH = YES;
				"CODE_SIGN_IDENTITY[sdk=iphoneos*]" = "iPhone Developer";
				COPY_PHASE_STRIP = YES;
				ENABLE_NS_ASSERTIONS = NO;
				GCC_C_LANGUAGE_STANDARD = gnu99;
				GCC_WARN_64_TO_32_BIT_CONVERSION = YES;
				GCC_WARN_ABOUT_RETURN_TYPE = YES_ERROR;
				GCC_WARN_UNDECLARED_SELECTOR = YES;
				GCC_WARN_UNINITIALIZED_AUTOS = YES_AGGRESSIVE;
				GCC_WARN_UNUSED_FUNCTION = YES;
				GCC_WARN_UNUSED_VARIABLE = YES;
				IPHONEOS_DEPLOYMENT_TARGET = 7.1;
				SDKROOT = iphoneos;
				VALIDATE_PRODUCT = YES;
			};
			name = Release;
		};
		36C4180719435ED400B53B59 /* Debug */ = {
			isa = XCBuildConfiguration;
			buildSettings = {
				ASSETCATALOG_COMPILER_APPICON_NAME = AppIcon;
				ASSETCATALOG_COMPILER_LAUNCHIMAGE_NAME = LaunchImage;
				GCC_PRECOMPILE_PREFIX_HEADER = YES;
				GCC_PREFIX_HEADER = "MultiSelectTableViewController/MultiSelectTableViewController-Prefix.pch";
				INFOPLIST_FILE = "MultiSelectTableViewController/MultiSelectTableViewController-Info.plist";
				PRODUCT_NAME = "$(TARGET_NAME)";
				WRAPPER_EXTENSION = app;
			};
			name = Debug;
		};
		36C4180819435ED400B53B59 /* Release */ = {
			isa = XCBuildConfiguration;
			buildSettings = {
				ASSETCATALOG_COMPILER_APPICON_NAME = AppIcon;
				ASSETCATALOG_COMPILER_LAUNCHIMAGE_NAME = LaunchImage;
				GCC_PRECOMPILE_PREFIX_HEADER = YES;
				GCC_PREFIX_HEADER = "MultiSelectTableViewController/MultiSelectTableViewController-Prefix.pch";
				INFOPLIST_FILE = "MultiSelectTableViewController/MultiSelectTableViewController-Info.plist";
				PRODUCT_NAME = "$(TARGET_NAME)";
				WRAPPER_EXTENSION = app;
			};
			name = Release;
		};
		36C4180A19435ED400B53B59 /* Debug */ = {
			isa = XCBuildConfiguration;
			buildSettings = {
				BUNDLE_LOADER = "$(BUILT_PRODUCTS_DIR)/MultiSelectTableViewController.app/MultiSelectTableViewController";
				FRAMEWORK_SEARCH_PATHS = (
					"$(SDKROOT)/Developer/Library/Frameworks",
					"$(inherited)",
					"$(DEVELOPER_FRAMEWORKS_DIR)",
				);
				GCC_PRECOMPILE_PREFIX_HEADER = YES;
				GCC_PREFIX_HEADER = "MultiSelectTableViewController/MultiSelectTableViewController-Prefix.pch";
				GCC_PREPROCESSOR_DEFINITIONS = (
					"DEBUG=1",
					"$(inherited)",
				);
				INFOPLIST_FILE = "MultiSelectTableViewControllerTests/MultiSelectTableViewControllerTests-Info.plist";
				PRODUCT_NAME = "$(TARGET_NAME)";
				TEST_HOST = "$(BUNDLE_LOADER)";
				WRAPPER_EXTENSION = xctest;
			};
			name = Debug;
		};
		36C4180B19435ED400B53B59 /* Release */ = {
			isa = XCBuildConfiguration;
			buildSettings = {
				BUNDLE_LOADER = "$(BUILT_PRODUCTS_DIR)/MultiSelectTableViewController.app/MultiSelectTableViewController";
				FRAMEWORK_SEARCH_PATHS = (
					"$(SDKROOT)/Developer/Library/Frameworks",
					"$(inherited)",
					"$(DEVELOPER_FRAMEWORKS_DIR)",
				);
				GCC_PRECOMPILE_PREFIX_HEADER = YES;
				GCC_PREFIX_HEADER = "MultiSelectTableViewController/MultiSelectTableViewController-Prefix.pch";
				INFOPLIST_FILE = "MultiSelectTableViewControllerTests/MultiSelectTableViewControllerTests-Info.plist";
				PRODUCT_NAME = "$(TARGET_NAME)";
				TEST_HOST = "$(BUNDLE_LOADER)";
				WRAPPER_EXTENSION = xctest;
			};
			name = Release;
		};
/* End XCBuildConfiguration section */

/* Begin XCConfigurationList section */
		36C417CF19435ED400B53B59 /* Build configuration list for PBXProject "MultiSelectTableViewController" */ = {
			isa = XCConfigurationList;
			buildConfigurations = (
				36C4180419435ED400B53B59 /* Debug */,
				36C4180519435ED400B53B59 /* Release */,
			);
			defaultConfigurationIsVisible = 0;
			defaultConfigurationName = Release;
		};
		36C4180619435ED400B53B59 /* Build configuration list for PBXNativeTarget "MultiSelectTableViewController" */ = {
			isa = XCConfigurationList;
			buildConfigurations = (
				36C4180719435ED400B53B59 /* Debug */,
				36C4180819435ED400B53B59 /* Release */,
			);
			defaultConfigurationIsVisible = 0;
			defaultConfigurationName = Release;
		};
		36C4180919435ED400B53B59 /* Build configuration list for PBXNativeTarget "MultiSelectTableViewControllerTests" */ = {
			isa = XCConfigurationList;
			buildConfigurations = (
				36C4180A19435ED400B53B59 /* Debug */,
				36C4180B19435ED400B53B59 /* Release */,
			);
			defaultConfigurationIsVisible = 0;
			defaultConfigurationName = Release;
		};
/* End XCConfigurationList section */
	};
	rootObject = 36C417CC19435ED400B53B59 /* Project object */;
}
